
Microsoft Visual Studio Solution File, Format Version 12.00
# Visual Studio Version 16
VisualStudioVersion = 16.0.29230.61
MinimumVisualStudioVersion = 10.0.40219.1
Project("{9A19103F-16F7-4668-BE54-9A1E7A4F7556}") = "Beehouse.Web.Components.App", "Beehouse.Web.Components.App\Beehouse.Web.Components.App.csproj", "{C202F049-168A-44BC-A787-9A400F8098B4}"
EndProject
Project("{9A19103F-16F7-4668-BE54-9A1E7A4F7556}") = "Beehouse.Web.Components", "Beehouse.Web.Components\Beehouse.Web.Components.csproj", "{ED135FA3-8352-4AEC-A06A-18B3DC6944F4}"
EndProject
Global
	GlobalSection(SolutionConfigurationPlatforms) = preSolution
		Debug|Any CPU = Debug|Any CPU
		Release|Any CPU = Release|Any CPU
	EndGlobalSection
	GlobalSection(ProjectConfigurationPlatforms) = postSolution
		{C202F049-168A-44BC-A787-9A400F8098B4}.Debug|Any CPU.ActiveCfg = Debug|Any CPU
		{C202F049-168A-44BC-A787-9A400F8098B4}.Debug|Any CPU.Build.0 = Debug|Any CPU
		{C202F049-168A-44BC-A787-9A400F8098B4}.Release|Any CPU.ActiveCfg = Release|Any CPU
		{C202F049-168A-44BC-A787-9A400F8098B4}.Release|Any CPU.Build.0 = Release|Any CPU
		{ED135FA3-8352-4AEC-A06A-18B3DC6944F4}.Debug|Any CPU.ActiveCfg = Debug|Any CPU
		{ED135FA3-8352-4AEC-A06A-18B3DC6944F4}.Debug|Any CPU.Build.0 = Debug|Any CPU
		{ED135FA3-8352-4AEC-A06A-18B3DC6944F4}.Release|Any CPU.ActiveCfg = Release|Any CPU
		{ED135FA3-8352-4AEC-A06A-18B3DC6944F4}.Release|Any CPU.Build.0 = Release|Any CPU
	EndGlobalSection
	GlobalSection(SolutionProperties) = preSolution
		HideSolutionNode = FALSE
	EndGlobalSection
	GlobalSection(ExtensibilityGlobals) = postSolution
		SolutionGuid = {19982A5D-74D4-4B8E-86AF-B12A845963A1}
	EndGlobalSection
EndGlobal
